
Microsoft Visual Studio Solution File, Format Version 12.00
# Visual Studio Version 17
VisualStudioVersion = 17.13.35825.156 d17.13
MinimumVisualStudioVersion = 10.0.40219.1
Project("{FAE04EC0-301F-11D3-BF4B-00C04F79EFBC}") = "JogoDeAdicinhacaoConsoleApp", "JogoDeAdicinhacaoConsoleApp\JogoDeAdicinhacaoConsoleApp.csproj", "{6F3AAED3-C194-43FF-83F3-381872F4F034}"
EndProject
Global
	GlobalSection(SolutionConfigurationPlatforms) = preSolution
		Debug|Any CPU = Debug|Any CPU
		Release|Any CPU = Release|Any CPU
	EndGlobalSection
	GlobalSection(ProjectConfigurationPlatforms) = postSolution
		{6F3AAED3-C194-43FF-83F3-381872F4F034}.Debug|Any CPU.ActiveCfg = Debug|Any CPU
		{6F3AAED3-C194-43FF-83F3-381872F4F034}.Debug|Any CPU.Build.0 = Debug|Any CPU
		{6F3AAED3-C194-43FF-83F3-381872F4F034}.Release|Any CPU.ActiveCfg = Release|Any CPU
		{6F3AAED3-C194-43FF-83F3-381872F4F034}.Release|Any CPU.Build.0 = Release|Any CPU
	EndGlobalSection
	GlobalSection(SolutionProperties) = preSolution
		HideSolutionNode = FALSE
	EndGlobalSection
	GlobalSection(ExtensibilityGlobals) = postSolution
		SolutionGuid = {91CCA4C5-6117-4E79-9BC1-46AF2A8D7B1F}
	EndGlobalSection
EndGlobal
